
Microsoft Visual Studio Solution File, Format Version 12.00
# Visual Studio Version 16
VisualStudioVersion = 16.0.30621.155
MinimumVisualStudioVersion = 10.0.40219.1
Project("{FAE04EC0-301F-11D3-BF4B-00C04F79EFBC}") = "ComDemoLib", "ComDemoLib\ComDemoLib.csproj", "{22A6A14E-A37F-430C-B6C3-55333450F9C0}"
EndProject
Project("{FAE04EC0-301F-11D3-BF4B-00C04F79EFBC}") = "ComDemoLibConsole", "ComDemoLibConsole\ComDemoLibConsole.csproj", "{DF0EC518-B912-48E5-A1B3-1E913B75914D}"
EndProject
Global
	GlobalSection(SolutionConfigurationPlatforms) = preSolution
		Debug|Any CPU = Debug|Any CPU
		Release|Any CPU = Release|Any CPU
	EndGlobalSection
	GlobalSection(ProjectConfigurationPlatforms) = postSolution
		{22A6A14E-A37F-430C-B6C3-55333450F9C0}.Debug|Any CPU.ActiveCfg = Debug|Any CPU
		{22A6A14E-A37F-430C-B6C3-55333450F9C0}.Debug|Any CPU.Build.0 = Debug|Any CPU
		{22A6A14E-A37F-430C-B6C3-55333450F9C0}.Release|Any CPU.ActiveCfg = Release|Any CPU
		{22A6A14E-A37F-430C-B6C3-55333450F9C0}.Release|Any CPU.Build.0 = Release|Any CPU
		{DF0EC518-B912-48E5-A1B3-1E913B75914D}.Debug|Any CPU.ActiveCfg = Debug|Any CPU
		{DF0EC518-B912-48E5-A1B3-1E913B75914D}.Debug|Any CPU.Build.0 = Debug|Any CPU
		{DF0EC518-B912-48E5-A1B3-1E913B75914D}.Release|Any CPU.ActiveCfg = Release|Any CPU
		{DF0EC518-B912-48E5-A1B3-1E913B75914D}.Release|Any CPU.Build.0 = Release|Any CPU
	EndGlobalSection
	GlobalSection(SolutionProperties) = preSolution
		HideSolutionNode = FALSE
	EndGlobalSection
	GlobalSection(ExtensibilityGlobals) = postSolution
		SolutionGuid = {002EB067-8ADD-417B-9607-C4F6258C506A}
	EndGlobalSection
EndGlobal
