
Microsoft Visual Studio Solution File, Format Version 12.00
# Visual Studio Version 16
VisualStudioVersion = 16.0.30330.147
MinimumVisualStudioVersion = 10.0.40219.1
Project("{FAE04EC0-301F-11D3-BF4B-00C04F79EFBC}") = "ActiveXDemoLib", "ActiveXDemoLib\ActiveXDemoLib.csproj", "{FED18812-FA65-4848-8D49-2FC37BCE073C}"
EndProject
Project("{FAE04EC0-301F-11D3-BF4B-00C04F79EFBC}") = "ActiveXDemoConsole", "ActiveXDemoConsole\ActiveXDemoConsole.csproj", "{2093B42D-2AFA-43D5-A140-E21ACE786785}"
EndProject
Global
	GlobalSection(SolutionConfigurationPlatforms) = preSolution
		Debug|Any CPU = Debug|Any CPU
		Release|Any CPU = Release|Any CPU
	EndGlobalSection
	GlobalSection(ProjectConfigurationPlatforms) = postSolution
		{FED18812-FA65-4848-8D49-2FC37BCE073C}.Debug|Any CPU.ActiveCfg = Debug|Any CPU
		{FED18812-FA65-4848-8D49-2FC37BCE073C}.Debug|Any CPU.Build.0 = Debug|Any CPU
		{FED18812-FA65-4848-8D49-2FC37BCE073C}.Release|Any CPU.ActiveCfg = Release|Any CPU
		{FED18812-FA65-4848-8D49-2FC37BCE073C}.Release|Any CPU.Build.0 = Release|Any CPU
		{2093B42D-2AFA-43D5-A140-E21ACE786785}.Debug|Any CPU.ActiveCfg = Debug|Any CPU
		{2093B42D-2AFA-43D5-A140-E21ACE786785}.Debug|Any CPU.Build.0 = Debug|Any CPU
		{2093B42D-2AFA-43D5-A140-E21ACE786785}.Release|Any CPU.ActiveCfg = Release|Any CPU
		{2093B42D-2AFA-43D5-A140-E21ACE786785}.Release|Any CPU.Build.0 = Release|Any CPU
	EndGlobalSection
	GlobalSection(SolutionProperties) = preSolution
		HideSolutionNode = FALSE
	EndGlobalSection
	GlobalSection(ExtensibilityGlobals) = postSolution
		SolutionGuid = {16422444-869E-45F1-B742-5843582174CA}
	EndGlobalSection
EndGlobal
